Microsoft Visual Studio Solution File, Format Version 12.00
# Visual Studio Version 17
VisualStudioVersion = 17.5.2.0
MinimumVisualStudioVersion = 10.0.40219.1
Project("{FAE04EC0-301F-11D3-BF4B-00C04F79EFBC}") = "COP-2360", "COP-2360.csproj", "{C66FB98E-2868-800A-CF56-0081FCAC9D55}"
EndProject
Global
	GlobalSection(SolutionConfigurationPlatforms) = preSolution
		Debug|Any CPU = Debug|Any CPU
		Release|Any CPU = Release|Any CPU
	EndGlobalSection
	GlobalSection(ProjectConfigurationPlatforms) = postSolution
		{C66FB98E-2868-800A-CF56-0081FCAC9D55}.Debug|Any CPU.ActiveCfg = Debug|Any CPU
		{C66FB98E-2868-800A-CF56-0081FCAC9D55}.Debug|Any CPU.Build.0 = Debug|Any CPU
		{C66FB98E-2868-800A-CF56-0081FCAC9D55}.Release|Any CPU.ActiveCfg = Release|Any CPU
		{C66FB98E-2868-800A-CF56-0081FCAC9D55}.Release|Any CPU.Build.0 = Release|Any CPU
	EndGlobalSection
	GlobalSection(SolutionProperties) = preSolution
		HideSolutionNode = FALSE
	EndGlobalSection
	GlobalSection(ExtensibilityGlobals) = postSolution
		SolutionGuid = {2D64E16C-1C64-471B-897D-7BF174C2D47F}
	EndGlobalSection
EndGlobal
